
Microsoft Visual Studio Solution File, Format Version 12.00
# Visual Studio Version 17
VisualStudioVersion = 17.10.35013.160
MinimumVisualStudioVersion = 10.0.40219.1
Project("{FAE04EC0-301F-11D3-BF4B-00C04F79EFBC}") = "CalculatorMVVM.HW", "CalculatorMVVM.HW\CalculatorMVVM.HW.csproj", "{8A0AB1DD-A795-4388-AA3F-91EE37F67525}"
EndProject
Project("{2150E333-8FDC-42A3-9474-1A3956D46DE8}") = "Элементы решения", "Элементы решения", "{4C2B9E41-D142-4E92-AC0F-958215811068}"
EndProject
Global
	GlobalSection(SolutionConfigurationPlatforms) = preSolution
		Debug|Any CPU = Debug|Any CPU
		Release|Any CPU = Release|Any CPU
	EndGlobalSection
	GlobalSection(ProjectConfigurationPlatforms) = postSolution
		{8A0AB1DD-A795-4388-AA3F-91EE37F67525}.Debug|Any CPU.ActiveCfg = Debug|Any CPU
		{8A0AB1DD-A795-4388-AA3F-91EE37F67525}.Debug|Any CPU.Build.0 = Debug|Any CPU
		{8A0AB1DD-A795-4388-AA3F-91EE37F67525}.Release|Any CPU.ActiveCfg = Release|Any CPU
		{8A0AB1DD-A795-4388-AA3F-91EE37F67525}.Release|Any CPU.Build.0 = Release|Any CPU
	EndGlobalSection
	GlobalSection(SolutionProperties) = preSolution
		HideSolutionNode = FALSE
	EndGlobalSection
	GlobalSection(ExtensibilityGlobals) = postSolution
		SolutionGuid = {44E34E3B-D759-484D-AD1D-E1C71F4540D5}
	EndGlobalSection
EndGlobal
